
Microsoft Visual Studio Solution File, Format Version 12.00
# Visual Studio Version 17
VisualStudioVersion = 17.14.37411.7 d17.14
MinimumVisualStudioVersion = 10.0.40219.1
Project("{FAE04EC0-301F-11D3-BF4B-00C04F79EFBC}") = "knopka", "knopka\knopka.csproj", "{F3329B7B-A07C-4DD0-8B19-47BFD76E04DA}"
EndProject
Global
	GlobalSection(SolutionConfigurationPlatforms) = preSolution
		Debug|Any CPU = Debug|Any CPU
		Release|Any CPU = Release|Any CPU
	EndGlobalSection
	GlobalSection(ProjectConfigurationPlatforms) = postSolution
		{F3329B7B-A07C-4DD0-8B19-47BFD76E04DA}.Debug|Any CPU.ActiveCfg = Debug|Any CPU
		{F3329B7B-A07C-4DD0-8B19-47BFD76E04DA}.Debug|Any CPU.Build.0 = Debug|Any CPU
		{F3329B7B-A07C-4DD0-8B19-47BFD76E04DA}.Release|Any CPU.ActiveCfg = Release|Any CPU
		{F3329B7B-A07C-4DD0-8B19-47BFD76E04DA}.Release|Any CPU.Build.0 = Release|Any CPU
	EndGlobalSection
	GlobalSection(SolutionProperties) = preSolution
		HideSolutionNode = FALSE
	EndGlobalSection
	GlobalSection(ExtensibilityGlobals) = postSolution
		SolutionGuid = {8D761661-B22C-4FC2-85C0-FE9EFF3D24AD}
	EndGlobalSection
EndGlobal
